// !$*UTF8*$!
{
	archiveVersion = 1;
	classes = {
	};
	objectVersion = 56;
	objects = {

/* Begin PBXBuildFile section */
		D7CB66092A9F37AF000F5724 /* Assets.xcassets in Resources */ = {isa = PBXBuildFile; fileRef = D7CB66082A9F37AF000F5724 /* Assets.xcassets */; };
		D7CB660E2A9F37AF000F5724 /* Preview Assets.xcassets in Resources */ = {isa = PBXBuildFile; fileRef = D7CB660D2A9F37AF000F5724 /* Preview Assets.xcassets */; };
		D7CB66152A9F391F000F5724 /* ChordsDatabaseApp.swift in Sources */ = {isa = PBXBuildFile; fileRef = D7CB66142A9F391F000F5724 /* ChordsDatabaseApp.swift */; };
		D7CB66202A9F3933000F5724 /* ChordEditView.swift in Sources */ = {isa = PBXBuildFile; fileRef = D7CB66172A9F3933000F5724 /* ChordEditView.swift */; };
		D7CB66212A9F3933000F5724 /* RootDetailsView.swift in Sources */ = {isa = PBXBuildFile; fileRef = D7CB66182A9F3933000F5724 /* RootDetailsView.swift */; };
		D7CB66222A9F3933000F5724 /* SidebarView.swift in Sources */ = {isa = PBXBuildFile; fileRef = D7CB66192A9F3933000F5724 /* SidebarView.swift */; };
		D7CB66232A9F3933000F5724 /* MainView.swift in Sources */ = {isa = PBXBuildFile; fileRef = D7CB661A2A9F3933000F5724 /* MainView.swift */; };
		D7CB66242A9F3933000F5724 /* ContentView.swift in Sources */ = {isa = PBXBuildFile; fileRef = D7CB661B2A9F3933000F5724 /* ContentView.swift */; };
		D7CB66252A9F3933000F5724 /* DatabaseView.swift in Sources */ = {isa = PBXBuildFile; fileRef = D7CB661C2A9F3933000F5724 /* DatabaseView.swift */; };
		D7CB66262A9F3933000F5724 /* ChordsDatabaseModel.swift in Sources */ = {isa = PBXBuildFile; fileRef = D7CB661E2A9F3933000F5724 /* ChordsDatabaseModel.swift */; };
		D7CB66272A9F3933000F5724 /* ChordsDatabaseDocument.swift in Sources */ = {isa = PBXBuildFile; fileRef = D7CB661F2A9F3933000F5724 /* ChordsDatabaseDocument.swift */; };
		D7CB662A2A9F395A000F5724 /* SwiftlyChordUtilities in Frameworks */ = {isa = PBXBuildFile; productRef = D7CB66292A9F395A000F5724 /* SwiftlyChordUtilities */; };
		D7CB662C2A9F42CF000F5724 /* StaticSetting.swift in Sources */ = {isa = PBXBuildFile; fileRef = D7CB662B2A9F42CF000F5724 /* StaticSetting.swift */; };
/* End PBXBuildFile section */

/* Begin PBXFileReference section */
		D7CB65FF2A9F37AC000F5724 /* Chords Database.app */ = {isa = PBXFileReference; explicitFileType = wrapper.application; includeInIndex = 0; path = "Chords Database.app"; sourceTree = BUILT_PRODUCTS_DIR; };
		D7CB66082A9F37AF000F5724 /* Assets.xcassets */ = {isa = PBXFileReference; lastKnownFileType = folder.assetcatalog; path = Assets.xcassets; sourceTree = "<group>"; };
		D7CB660A2A9F37AF000F5724 /* Info.plist */ = {isa = PBXFileReference; lastKnownFileType = text.plist.xml; path = Info.plist; sourceTree = "<group>"; };
		D7CB660B2A9F37AF000F5724 /* ChordsDatabase.entitlements */ = {isa = PBXFileReference; lastKnownFileType = text.plist.entitlements; path = ChordsDatabase.entitlements; sourceTree = "<group>"; };
		D7CB660D2A9F37AF000F5724 /* Preview Assets.xcassets */ = {isa = PBXFileReference; lastKnownFileType = folder.assetcatalog; path = "Preview Assets.xcassets"; sourceTree = "<group>"; };
		D7CB66142A9F391F000F5724 /* ChordsDatabaseApp.swift */ = {isa = PBXFileReference; fileEncoding = 4; lastKnownFileType = sourcecode.swift; path = ChordsDatabaseApp.swift; sourceTree = "<group>"; };
		D7CB66172A9F3933000F5724 /* ChordEditView.swift */ = {isa = PBXFileReference; fileEncoding = 4; lastKnownFileType = sourcecode.swift; path = ChordEditView.swift; sourceTree = "<group>"; };
		D7CB66182A9F3933000F5724 /* RootDetailsView.swift */ = {isa = PBXFileReference; fileEncoding = 4; lastKnownFileType = sourcecode.swift; path = RootDetailsView.swift; sourceTree = "<group>"; };
		D7CB66192A9F3933000F5724 /* SidebarView.swift */ = {isa = PBXFileReference; fileEncoding = 4; lastKnownFileType = sourcecode.swift; path = SidebarView.swift; sourceTree = "<group>"; };
		D7CB661A2A9F3933000F5724 /* MainView.swift */ = {isa = PBXFileReference; fileEncoding = 4; lastKnownFileType = sourcecode.swift; path = MainView.swift; sourceTree = "<group>"; };
		D7CB661B2A9F3933000F5724 /* ContentView.swift */ = {isa = PBXFileReference; fileEncoding = 4; lastKnownFileType = sourcecode.swift; path = ContentView.swift; sourceTree = "<group>"; };
		D7CB661C2A9F3933000F5724 /* DatabaseView.swift */ = {isa = PBXFileReference; fileEncoding = 4; lastKnownFileType = sourcecode.swift; path = DatabaseView.swift; sourceTree = "<group>"; };
		D7CB661E2A9F3933000F5724 /* ChordsDatabaseModel.swift */ = {isa = PBXFileReference; fileEncoding = 4; lastKnownFileType = sourcecode.swift; path = ChordsDatabaseModel.swift; sourceTree = "<group>"; };
		D7CB661F2A9F3933000F5724 /* ChordsDatabaseDocument.swift */ = {isa = PBXFileReference; fileEncoding = 4; lastKnownFileType = sourcecode.swift; path = ChordsDatabaseDocument.swift; sourceTree = "<group>"; };
		D7CB662B2A9F42CF000F5724 /* StaticSetting.swift */ = {isa = PBXFileReference; lastKnownFileType = sourcecode.swift; path = StaticSetting.swift; sourceTree = "<group>"; };
/* End PBXFileReference section */

/* Begin PBXFrameworksBuildPhase section */
		D7CB65FC2A9F37AC000F5724 /* Frameworks */ = {
			isa = PBXFrameworksBuildPhase;
			buildActionMask = 2147483647;
			files = (
				D7CB662A2A9F395A000F5724 /* SwiftlyChordUtilities in Frameworks */,
			);
			runOnlyForDeploymentPostprocessing = 0;
		};
/* End PBXFrameworksBuildPhase section */

/* Begin PBXGroup section */
		D7CB65F62A9F37AC000F5724 = {
			isa = PBXGroup;
			children = (
				D7CB66012A9F37AC000F5724 /* Chords Database */,
				D7CB66002A9F37AC000F5724 /* Products */,
			);
			sourceTree = "<group>";
		};
		D7CB66002A9F37AC000F5724 /* Products */ = {
			isa = PBXGroup;
			children = (
				D7CB65FF2A9F37AC000F5724 /* Chords Database.app */,
			);
			name = Products;
			sourceTree = "<group>";
		};
		D7CB66012A9F37AC000F5724 /* Chords Database */ = {
			isa = PBXGroup;
			children = (
				D7CB66142A9F391F000F5724 /* ChordsDatabaseApp.swift */,
				D7CB661D2A9F3933000F5724 /* General */,
				D7CB66162A9F3933000F5724 /* Views */,
				D7CB66082A9F37AF000F5724 /* Assets.xcassets */,
				D7CB660A2A9F37AF000F5724 /* Info.plist */,
				D7CB660B2A9F37AF000F5724 /* ChordsDatabase.entitlements */,
				D7CB660C2A9F37AF000F5724 /* Preview Content */,
			);
			path = "Chords Database";
			sourceTree = "<group>";
		};
		D7CB660C2A9F37AF000F5724 /* Preview Content */ = {
			isa = PBXGroup;
			children = (
				D7CB660D2A9F37AF000F5724 /* Preview Assets.xcassets */,
			);
			path = "Preview Content";
			sourceTree = "<group>";
		};
		D7CB66162A9F3933000F5724 /* Views */ = {
			isa = PBXGroup;
			children = (
				D7CB661B2A9F3933000F5724 /* ContentView.swift */,
				D7CB661A2A9F3933000F5724 /* MainView.swift */,
				D7CB66192A9F3933000F5724 /* SidebarView.swift */,
				D7CB66182A9F3933000F5724 /* RootDetailsView.swift */,
				D7CB661C2A9F3933000F5724 /* DatabaseView.swift */,
				D7CB66172A9F3933000F5724 /* ChordEditView.swift */,
			);
			path = Views;
			sourceTree = "<group>";
		};
		D7CB661D2A9F3933000F5724 /* General */ = {
			isa = PBXGroup;
			children = (
				D7CB661E2A9F3933000F5724 /* ChordsDatabaseModel.swift */,
				D7CB661F2A9F3933000F5724 /* ChordsDatabaseDocument.swift */,
				D7CB662B2A9F42CF000F5724 /* StaticSetting.swift */,
			);
			path = General;
			sourceTree = "<group>";
		};
/* End PBXGroup section */

/* Begin PBXNativeTarget section */
		D7CB65FE2A9F37AC000F5724 /* Chords Database */ = {
			isa = PBXNativeTarget;
			buildConfigurationList = D7CB66112A9F37AF000F5724 /* Build configuration list for PBXNativeTarget "Chords Database" */;
			buildPhases = (
				D7CB65FB2A9F37AC000F5724 /* Sources */,
				D7CB65FC2A9F37AC000F5724 /* Frameworks */,
				D7CB65FD2A9F37AC000F5724 /* Resources */,
				D7CB662D2A9F95D9000F5724 /* SwiftLint */,
			);
			buildRules = (
			);
			dependencies = (
			);
			name = "Chords Database";
			packageProductDependencies = (
				D7CB66292A9F395A000F5724 /* SwiftlyChordUtilities */,
			);
			productName = "Chords Database";
			productReference = D7CB65FF2A9F37AC000F5724 /* Chords Database.app */;
			productType = "com.apple.product-type.application";
		};
/* End PBXNativeTarget section */

/* Begin PBXProject section */
		D7CB65F72A9F37AC000F5724 /* Project object */ = {
			isa = PBXProject;
			attributes = {
				BuildIndependentTargetsInParallel = 1;
				LastSwiftUpdateCheck = 1500;
				LastUpgradeCheck = 1500;
				TargetAttributes = {
					D7CB65FE2A9F37AC000F5724 = {
						CreatedOnToolsVersion = 15.0;
						LastSwiftMigration = 1500;
					};
				};
			};
			buildConfigurationList = D7CB65FA2A9F37AC000F5724 /* Build configuration list for PBXProject "Chords Database" */;
			compatibilityVersion = "Xcode 14.0";
			developmentRegion = en;
			hasScannedForEncodings = 0;
			knownRegions = (
				en,
				Base,
			);
			mainGroup = D7CB65F62A9F37AC000F5724;
			packageReferences = (
				D7CB66282A9F395A000F5724 /* XCRemoteSwiftPackageReference "SwiftlyChordUtilities" */,
			);
			productRefGroup = D7CB66002A9F37AC000F5724 /* Products */;
			projectDirPath = "";
			projectRoot = "";
			targets = (
				D7CB65FE2A9F37AC000F5724 /* Chords Database */,
			);
		};
/* End PBXProject section */

/* Begin PBXResourcesBuildPhase section */
		D7CB65FD2A9F37AC000F5724 /* Resources */ = {
			isa = PBXResourcesBuildPhase;
			buildActionMask = 2147483647;
			files = (
				D7CB660E2A9F37AF000F5724 /* Preview Assets.xcassets in Resources */,
				D7CB66092A9F37AF000F5724 /* Assets.xcassets in Resources */,
			);
			runOnlyForDeploymentPostprocessing = 0;
		};
/* End PBXResourcesBuildPhase section */

/* Begin PBXShellScriptBuildPhase section */
		D7CB662D2A9F95D9000F5724 /* SwiftLint */ = {
			isa = PBXShellScriptBuildPhase;
			alwaysOutOfDate = 1;
			buildActionMask = 2147483647;
			files = (
			);
			inputFileListPaths = (
			);
			inputPaths = (
			);
			name = SwiftLint;
			outputFileListPaths = (
			);
			outputPaths = (
			);
			runOnlyForDeploymentPostprocessing = 0;
			shellPath = /bin/sh;
			shellScript = "if which /opt/homebrew/bin/swiftlint >/dev/null; then\n  /opt/homebrew/bin/swiftlint --no-cache\nelse\n  echo \"warning: SwiftLint not installed, download from https://github.com/realm/SwiftLint\"\nfi\n";
		};
/* End PBXShellScriptBuildPhase section */

/* Begin PBXSourcesBuildPhase section */
		D7CB65FB2A9F37AC000F5724 /* Sources */ = {
			isa = PBXSourcesBuildPhase;
			buildActionMask = 2147483647;
			files = (
				D7CB662C2A9F42CF000F5724 /* StaticSetting.swift in Sources */,
				D7CB66252A9F3933000F5724 /* DatabaseView.swift in Sources */,
				D7CB66272A9F3933000F5724 /* ChordsDatabaseDocument.swift in Sources */,
				D7CB66152A9F391F000F5724 /* ChordsDatabaseApp.swift in Sources */,
				D7CB66222A9F3933000F5724 /* SidebarView.swift in Sources */,
				D7CB66242A9F3933000F5724 /* ContentView.swift in Sources */,
				D7CB66202A9F3933000F5724 /* ChordEditView.swift in Sources */,
				D7CB66262A9F3933000F5724 /* ChordsDatabaseModel.swift in Sources */,
				D7CB66232A9F3933000F5724 /* MainView.swift in Sources */,
				D7CB66212A9F3933000F5724 /* RootDetailsView.swift in Sources */,
			);
			runOnlyForDeploymentPostprocessing = 0;
		};
/* End PBXSourcesBuildPhase section */

/* Begin XCBuildConfiguration section */
		D7CB660F2A9F37AF000F5724 /* Debug */ = {
			isa = XCBuildConfiguration;
			buildSettings = {
				ALWAYS_SEARCH_USER_PATHS = NO;
				ASSETCATALOG_COMPILER_GENERATE_SWIFT_ASSET_SYMBOL_EXTENSIONS = YES;
				CLANG_ANALYZER_NONNULL = YES;
				CLANG_ANALYZER_NUMBER_OBJECT_CONVERSION = YES_AGGRESSIVE;
				CLANG_CXX_LANGUAGE_STANDARD = "gnu++20";
				CLANG_ENABLE_MODULES = YES;
				CLANG_ENABLE_OBJC_ARC = YES;
				CLANG_ENABLE_OBJC_WEAK = YES;
				CLANG_WARN_BLOCK_CAPTURE_AUTORELEASING = YES;
				CLANG_WARN_BOOL_CONVERSION = YES;
				CLANG_WARN_COMMA = YES;
				CLANG_WARN_CONSTANT_CONVERSION = YES;
				CLANG_WARN_DEPRECATED_OBJC_IMPLEMENTATIONS = YES;
				CLANG_WARN_DIRECT_OBJC_ISA_USAGE = YES_ERROR;
				CLANG_WARN_DOCUMENTATION_COMMENTS = YES;
				CLANG_WARN_EMPTY_BODY = YES;
				CLANG_WARN_ENUM_CONVERSION = YES;
				CLANG_WARN_INFINITE_RECURSION = YES;
				CLANG_WARN_INT_CONVERSION = YES;
				CLANG_WARN_NON_LITERAL_NULL_CONVERSION = YES;
				CLANG_WARN_OBJC_IMPLICIT_RETAIN_SELF = YES;
				CLANG_WARN_OBJC_LITERAL_CONVERSION = YES;
				CLANG_WARN_OBJC_ROOT_CLASS = YES_ERROR;
				CLANG_WARN_QUOTED_INCLUDE_IN_FRAMEWORK_HEADER = YES;
				CLANG_WARN_RANGE_LOOP_ANALYSIS = YES;
				CLANG_WARN_STRICT_PROTOTYPES = YES;
				CLANG_WARN_SUSPICIOUS_MOVE = YES;
				CLANG_WARN_UNGUARDED_AVAILABILITY = YES_AGGRESSIVE;
				CLANG_WARN_UNREACHABLE_CODE = YES;
				CLANG_WARN__DUPLICATE_METHOD_MATCH = YES;
				COPY_PHASE_STRIP = NO;
				DEBUG_INFORMATION_FORMAT = dwarf;
				ENABLE_STRICT_OBJC_MSGSEND = YES;
				ENABLE_TESTABILITY = YES;
				ENABLE_USER_SCRIPT_SANDBOXING = YES;
				GCC_C_LANGUAGE_STANDARD = gnu17;
				GCC_DYNAMIC_NO_PIC = NO;
				GCC_NO_COMMON_BLOCKS = YES;
				GCC_OPTIMIZATION_LEVEL = 0;
				GCC_PREPROCESSOR_DEFINITIONS = (
					"DEBUG=1",
					"$(inherited)",
				);
				GCC_WARN_64_TO_32_BIT_CONVERSION = YES;
				GCC_WARN_ABOUT_RETURN_TYPE = YES_ERROR;
				GCC_WARN_UNDECLARED_SELECTOR = YES;
				GCC_WARN_UNINITIALIZED_AUTOS = YES_AGGRESSIVE;
				GCC_WARN_UNUSED_FUNCTION = YES;
				GCC_WARN_UNUSED_VARIABLE = YES;
				LOCALIZATION_PREFERS_STRING_CATALOGS = YES;
				MTL_ENABLE_DEBUG_INFO = INCLUDE_SOURCE;
				MTL_FAST_MATH = YES;
				ONLY_ACTIVE_ARCH = YES;
				SWIFT_ACTIVE_COMPILATION_CONDITIONS = "DEBUG $(inherited)";
				SWIFT_OPTIMIZATION_LEVEL = "-Onone";
			};
			name = Debug;
		};
		D7CB66102A9F37AF000F5724 /* Release */ = {
			isa = XCBuildConfiguration;
			buildSettings = {
				ALWAYS_SEARCH_USER_PATHS = NO;
				ASSETCATALOG_COMPILER_GENERATE_SWIFT_ASSET_SYMBOL_EXTENSIONS = YES;
				CLANG_ANALYZER_NONNULL = YES;
				CLANG_ANALYZER_NUMBER_OBJECT_CONVERSION = YES_AGGRESSIVE;
				CLANG_CXX_LANGUAGE_STANDARD = "gnu++20";
				CLANG_ENABLE_MODULES = YES;
				CLANG_ENABLE_OBJC_ARC = YES;
				CLANG_ENABLE_OBJC_WEAK = YES;
				CLANG_WARN_BLOCK_CAPTURE_AUTORELEASING = YES;
				CLANG_WARN_BOOL_CONVERSION = YES;
				CLANG_WARN_COMMA = YES;
				CLANG_WARN_CONSTANT_CONVERSION = YES;
				CLANG_WARN_DEPRECATED_OBJC_IMPLEMENTATIONS = YES;
				CLANG_WARN_DIRECT_OBJC_ISA_USAGE = YES_ERROR;
				CLANG_WARN_DOCUMENTATION_COMMENTS = YES;
				CLANG_WARN_EMPTY_BODY = YES;
				CLANG_WARN_ENUM_CONVERSION = YES;
				CLANG_WARN_INFINITE_RECURSION = YES;
				CLANG_WARN_INT_CONVERSION = YES;
				CLANG_WARN_NON_LITERAL_NULL_CONVERSION = YES;
				CLANG_WARN_OBJC_IMPLICIT_RETAIN_SELF = YES;
				CLANG_WARN_OBJC_LITERAL_CONVERSION = YES;
				CLANG_WARN_OBJC_ROOT_CLASS = YES_ERROR;
				CLANG_WARN_QUOTED_INCLUDE_IN_FRAMEWORK_HEADER = YES;
				CLANG_WARN_RANGE_LOOP_ANALYSIS = YES;
				CLANG_WARN_STRICT_PROTOTYPES = YES;
				CLANG_WARN_SUSPICIOUS_MOVE = YES;
				CLANG_WARN_UNGUARDED_AVAILABILITY = YES_AGGRESSIVE;
				CLANG_WARN_UNREACHABLE_CODE = YES;
				CLANG_WARN__DUPLICATE_METHOD_MATCH = YES;
				COPY_PHASE_STRIP = NO;
				DEBUG_INFORMATION_FORMAT = "dwarf-with-dsym";
				ENABLE_NS_ASSERTIONS = NO;
				ENABLE_STRICT_OBJC_MSGSEND = YES;
				ENABLE_USER_SCRIPT_SANDBOXING = YES;
				GCC_C_LANGUAGE_STANDARD = gnu17;
				GCC_NO_COMMON_BLOCKS = YES;
				GCC_WARN_64_TO_32_BIT_CONVERSION = YES;
				GCC_WARN_ABOUT_RETURN_TYPE = YES_ERROR;
				GCC_WARN_UNDECLARED_SELECTOR = YES;
				GCC_WARN_UNINITIALIZED_AUTOS = YES_AGGRESSIVE;
				GCC_WARN_UNUSED_FUNCTION = YES;
				GCC_WARN_UNUSED_VARIABLE = YES;
				LOCALIZATION_PREFERS_STRING_CATALOGS = YES;
				MTL_ENABLE_DEBUG_INFO = NO;
				MTL_FAST_MATH = YES;
				SWIFT_COMPILATION_MODE = wholemodule;
			};
			name = Release;
		};
		D7CB66122A9F37AF000F5724 /* Debug */ = {
			isa = XCBuildConfiguration;
			buildSettings = {
				ASSETCATALOG_COMPILER_APPICON_NAME = AppIcon;
				ASSETCATALOG_COMPILER_GLOBAL_ACCENT_COLOR_NAME = AccentColor;
				CLANG_ENABLE_MODULES = YES;
				CODE_SIGN_ENTITLEMENTS = "Chords Database/ChordsDatabase.entitlements";
				CODE_SIGN_STYLE = Automatic;
				CURRENT_PROJECT_VERSION = 1;
				DEVELOPMENT_ASSET_PATHS = "\"Chords Database/Preview Content\"";
				DEVELOPMENT_TEAM = FHPCJ7396C;
				ENABLE_HARDENED_RUNTIME = YES;
				ENABLE_PREVIEWS = YES;
				ENABLE_USER_SCRIPT_SANDBOXING = NO;
				GENERATE_INFOPLIST_FILE = YES;
				INFOPLIST_FILE = "Chords Database/Info.plist";
				"INFOPLIST_KEY_UIApplicationSceneManifest_Generation[sdk=iphoneos*]" = YES;
				"INFOPLIST_KEY_UIApplicationSceneManifest_Generation[sdk=iphonesimulator*]" = YES;
				"INFOPLIST_KEY_UIApplicationSupportsIndirectInputEvents[sdk=iphoneos*]" = YES;
				"INFOPLIST_KEY_UIApplicationSupportsIndirectInputEvents[sdk=iphonesimulator*]" = YES;
				"INFOPLIST_KEY_UILaunchScreen_Generation[sdk=iphoneos*]" = YES;
				"INFOPLIST_KEY_UILaunchScreen_Generation[sdk=iphonesimulator*]" = YES;
				"INFOPLIST_KEY_UIStatusBarStyle[sdk=iphoneos*]" = UIStatusBarStyleDefault;
				"INFOPLIST_KEY_UIStatusBarStyle[sdk=iphonesimulator*]" = UIStatusBarStyleDefault;
				INFOPLIST_KEY_UISupportedInterfaceOrientations_iPad = "UIInterfaceOrientationPortrait UIInterfaceOrientationPortraitUpsideDown UIInterfaceOrientationLandscapeLeft UIInterfaceOrientationLandscapeRight";
				INFOPLIST_KEY_UISupportedInterfaceOrientations_iPhone = "UIInterfaceOrientationPortrait UIInterfaceOrientationLandscapeLeft UIInterfaceOrientationLandscapeRight";
				"INFOPLIST_KEY_UISupportsDocumentBrowser[sdk=iphoneos*]" = YES;
				"INFOPLIST_KEY_UISupportsDocumentBrowser[sdk=iphonesimulator*]" = YES;
				IPHONEOS_DEPLOYMENT_TARGET = 16.5;
				LD_RUNPATH_SEARCH_PATHS = "@executable_path/Frameworks";
				"LD_RUNPATH_SEARCH_PATHS[sdk=macosx*]" = "@executable_path/../Frameworks";
				MACOSX_DEPLOYMENT_TARGET = 13.4;
				MARKETING_VERSION = 1.0;
				PRODUCT_BUNDLE_IDENTIFIER = nl.desbeers.chordsdb;
				PRODUCT_NAME = "$(TARGET_NAME)";
				SDKROOT = auto;
				SUPPORTED_PLATFORMS = "iphoneos iphonesimulator macosx";
				SWIFT_EMIT_LOC_STRINGS = YES;
				SWIFT_OPTIMIZATION_LEVEL = "-Onone";
				SWIFT_VERSION = 5.0;
				TARGETED_DEVICE_FAMILY = "1,2";
			};
			name = Debug;
		};
		D7CB66132A9F37AF000F5724 /* Release */ = {
			isa = XCBuildConfiguration;
			buildSettings = {
				ASSETCATALOG_COMPILER_APPICON_NAME = AppIcon;
				ASSETCATALOG_COMPILER_GLOBAL_ACCENT_COLOR_NAME = AccentColor;
				CLANG_ENABLE_MODULES = YES;
				CODE_SIGN_ENTITLEMENTS = "Chords Database/ChordsDatabase.entitlements";
				CODE_SIGN_STYLE = Automatic;
				CURRENT_PROJECT_VERSION = 1;
				DEVELOPMENT_ASSET_PATHS = "\"Chords Database/Preview Content\"";
				DEVELOPMENT_TEAM = FHPCJ7396C;
				ENABLE_HARDENED_RUNTIME = YES;
				ENABLE_PREVIEWS = YES;
				ENABLE_USER_SCRIPT_SANDBOXING = NO;
				GENERATE_INFOPLIST_FILE = YES;
				INFOPLIST_FILE = "Chords Database/Info.plist";
				"INFOPLIST_KEY_UIApplicationSceneManifest_Generation[sdk=iphoneos*]" = YES;
				"INFOPLIST_KEY_UIApplicationSceneManifest_Generation[sdk=iphonesimulator*]" = YES;
				"INFOPLIST_KEY_UIApplicationSupportsIndirectInputEvents[sdk=iphoneos*]" = YES;
				"INFOPLIST_KEY_UIApplicationSupportsIndirectInputEvents[sdk=iphonesimulator*]" = YES;
				"INFOPLIST_KEY_UILaunchScreen_Generation[sdk=iphoneos*]" = YES;
				"INFOPLIST_KEY_UILaunchScreen_Generation[sdk=iphonesimulator*]" = YES;
				"INFOPLIST_KEY_UIStatusBarStyle[sdk=iphoneos*]" = UIStatusBarStyleDefault;
				"INFOPLIST_KEY_UIStatusBarStyle[sdk=iphonesimulator*]" = UIStatusBarStyleDefault;
				INFOPLIST_KEY_UISupportedInterfaceOrientations_iPad = "UIInterfaceOrientationPortrait UIInterfaceOrientationPortraitUpsideDown UIInterfaceOrientationLandscapeLeft UIInterfaceOrientationLandscapeRight";
				INFOPLIST_KEY_UISupportedInterfaceOrientations_iPhone = "UIInterfaceOrientationPortrait UIInterfaceOrientationLandscapeLeft UIInterfaceOrientationLandscapeRight";
				"INFOPLIST_KEY_UISupportsDocumentBrowser[sdk=iphoneos*]" = YES;
				"INFOPLIST_KEY_UISupportsDocumentBrowser[sdk=iphonesimulator*]" = YES;
				IPHONEOS_DEPLOYMENT_TARGET = 16.5;
				LD_RUNPATH_SEARCH_PATHS = "@executable_path/Frameworks";
				"LD_RUNPATH_SEARCH_PATHS[sdk=macosx*]" = "@executable_path/../Frameworks";
				MACOSX_DEPLOYMENT_TARGET = 13.4;
				MARKETING_VERSION = 1.0;
				PRODUCT_BUNDLE_IDENTIFIER = nl.desbeers.chordsdb;
				PRODUCT_NAME = "$(TARGET_NAME)";
				SDKROOT = auto;
				SUPPORTED_PLATFORMS = "iphoneos iphonesimulator macosx";
				SWIFT_EMIT_LOC_STRINGS = YES;
				SWIFT_VERSION = 5.0;
				TARGETED_DEVICE_FAMILY = "1,2";
			};
			name = Release;
		};
/* End XCBuildConfiguration section */

/* Begin XCConfigurationList section */
		D7CB65FA2A9F37AC000F5724 /* Build configuration list for PBXProject "Chords Database" */ = {
			isa = XCConfigurationList;
			buildConfigurations = (
				D7CB660F2A9F37AF000F5724 /* Debug */,
				D7CB66102A9F37AF000F5724 /* Release */,
			);
			defaultConfigurationIsVisible = 0;
			defaultConfigurationName = Release;
		};
		D7CB66112A9F37AF000F5724 /* Build configuration list for PBXNativeTarget "Chords Database" */ = {
			isa = XCConfigurationList;
			buildConfigurations = (
				D7CB66122A9F37AF000F5724 /* Debug */,
				D7CB66132A9F37AF000F5724 /* Release */,
			);
			defaultConfigurationIsVisible = 0;
			defaultConfigurationName = Release;
		};
/* End XCConfigurationList section */

/* Begin XCRemoteSwiftPackageReference section */
		D7CB66282A9F395A000F5724 /* XCRemoteSwiftPackageReference "SwiftlyChordUtilities" */ = {
			isa = XCRemoteSwiftPackageReference;
			repositoryURL = "https://github.com/Desbeers/SwiftlyChordUtilities";
			requirement = {
				branch = main;
				kind = branch;
			};
		};
/* End XCRemoteSwiftPackageReference section */

/* Begin XCSwiftPackageProductDependency section */
		D7CB66292A9F395A000F5724 /* SwiftlyChordUtilities */ = {
			isa = XCSwiftPackageProductDependency;
			package = D7CB66282A9F395A000F5724 /* XCRemoteSwiftPackageReference "SwiftlyChordUtilities" */;
			productName = SwiftlyChordUtilities;
		};
/* End XCSwiftPackageProductDependency section */
	};
	rootObject = D7CB65F72A9F37AC000F5724 /* Project object */;
}
