{
  "originHash" : "a1a30049151505f7de4b259e625eb47b31c2ad9360ea02e8a788f6c711680e0a",
  "pins" : [
    {
      "identity" : "swiftlychordutilities",
      "kind" : "remoteSourceControl",
      "location" : "https://github.com/Desbeers/SwiftlyChordUtilities",
      "state" : {
        "branch" : "main",
        "revision" : "0cbd79262e7624100976cd3ed61c969de11ae228"
      }
    },
    {
      "identity" : "swiftlystructcache",
      "kind" : "remoteSourceControl",
      "location" : "https://github.com/Desbeers/SwiftlyStructCache",
      "state" : {
        "branch" : "main",
        "revision" : "e9b371734411f18e98982944ad213756b7f891fb"
      }
    }
  ],
  "version" : 3
}
